// !$*UTF8*$!
{
	archiveVersion = 1;
	classes = {
	};
	objectVersion = 46;
	objects = {

/* Begin PBXBuildFile section */
		4D6D72C11A41CCC7000EF88C /* AppDelegate.swift in Sources */ = {isa = PBXBuildFile; fileRef = 4D6D72C01A41CCC7000EF88C /* AppDelegate.swift */; };
		4D6D72C31A41CCC7000EF88C /* ViewController.swift in Sources */ = {isa = PBXBuildFile; fileRef = 4D6D72C21A41CCC7000EF88C /* ViewController.swift */; };
		4D6D72C61A41CCC7000EF88C /* Main.storyboard in Resources */ = {isa = PBXBuildFile; fileRef = 4D6D72C41A41CCC7000EF88C /* Main.storyboard */; };
		4D6D72C81A41CCC7000EF88C /* Images.xcassets in Resources */ = {isa = PBXBuildFile; fileRef = 4D6D72C71A41CCC7000EF88C /* Images.xcassets */; };
		4D6D72CB1A41CCC7000EF88C /* LaunchScreen.xib in Resources */ = {isa = PBXBuildFile; fileRef = 4D6D72C91A41CCC7000EF88C /* LaunchScreen.xib */; };
		4D6D72D71A41CCC7000EF88C /* WhatColorTests.swift in Sources */ = {isa = PBXBuildFile; fileRef = 4D6D72D61A41CCC7000EF88C /* WhatColorTests.swift */; };
/* End PBXBuildFile section */

/* Begin PBXContainerItemProxy section */
		4D6D72D11A41CCC7000EF88C /* PBXContainerItemProxy */ = {
			isa = PBXContainerItemProxy;
			containerPortal = 4D6D72B31A41CCC7000EF88C /* Project object */;
			proxyType = 1;
			remoteGlobalIDString = 4D6D72BA1A41CCC7000EF88C;
			remoteInfo = WhatColor;
		};
/* End PBXContainerItemProxy section */

/* Begin PBXFileReference section */
		4D6D72BB1A41CCC7000EF88C /* WhatColor.app */ = {isa = PBXFileReference; explicitFileType = wrapper.application; includeInIndex = 0; path = WhatColor.app; sourceTree = BUILT_PRODUCTS_DIR; };
		4D6D72BF1A41CCC7000EF88C /* Info.plist */ = {isa = PBXFileReference; lastKnownFileType = text.plist.xml; path = Info.plist; sourceTree = "<group>"; };
		4D6D72C01A41CCC7000EF88C /* AppDelegate.swift */ = {isa = PBXFileReference; lastKnownFileType = sourcecode.swift; path = AppDelegate.swift; sourceTree = "<group>"; };
		4D6D72C21A41CCC7000EF88C /* ViewController.swift */ = {isa = PBXFileReference; lastKnownFileType = sourcecode.swift; path = ViewController.swift; sourceTree = "<group>"; };
		4D6D72C51A41CCC7000EF88C /* Base */ = {isa = PBXFileReference; lastKnownFileType = file.storyboard; name = Base; path = Base.lproj/Main.storyboard; sourceTree = "<group>"; };
		4D6D72C71A41CCC7000EF88C /* Images.xcassets */ = {isa = PBXFileReference; lastKnownFileType = folder.assetcatalog; path = Images.xcassets; sourceTree = "<group>"; };
		4D6D72CA1A41CCC7000EF88C /* Base */ = {isa = PBXFileReference; lastKnownFileType = file.xib; name = Base; path = Base.lproj/LaunchScreen.xib; sourceTree = "<group>"; };
		4D6D72D01A41CCC7000EF88C /* WhatColorTests.xctest */ = {isa = PBXFileReference; explicitFileType = wrapper.cfbundle; includeInIndex = 0; path = WhatColorTests.xctest; sourceTree = BUILT_PRODUCTS_DIR; };
		4D6D72D51A41CCC7000EF88C /* Info.plist */ = {isa = PBXFileReference; lastKnownFileType = text.plist.xml; path = Info.plist; sourceTree = "<group>"; };
		4D6D72D61A41CCC7000EF88C /* WhatColorTests.swift */ = {isa = PBXFileReference; lastKnownFileType = sourcecode.swift; path = WhatColorTests.swift; sourceTree = "<group>"; };
/* End PBXFileReference section */

/* Begin PBXFrameworksBuildPhase section */
		4D6D72B81A41CCC7000EF88C /* Frameworks */ = {
			isa = PBXFrameworksBuildPhase;
			buildActionMask = 2147483647;
			files = (
			);
			runOnlyForDeploymentPostprocessing = 0;
		};
		4D6D72CD1A41CCC7000EF88C /* Frameworks */ = {
			isa = PBXFrameworksBuildPhase;
			buildActionMask = 2147483647;
			files = (
			);
			runOnlyForDeploymentPostprocessing = 0;
		};
/* End PBXFrameworksBuildPhase section */

/* Begin PBXGroup section */
		4D6D72B21A41CCC7000EF88C = {
			isa = PBXGroup;
			children = (
				4D6D72BD1A41CCC7000EF88C /* WhatColor */,
				4D6D72D31A41CCC7000EF88C /* WhatColorTests */,
				4D6D72BC1A41CCC7000EF88C /* Products */,
			);
			sourceTree = "<group>";
		};
		4D6D72BC1A41CCC7000EF88C /* Products */ = {
			isa = PBXGroup;
			children = (
				4D6D72BB1A41CCC7000EF88C /* WhatColor.app */,
				4D6D72D01A41CCC7000EF88C /* WhatColorTests.xctest */,
			);
			name = Products;
			sourceTree = "<group>";
		};
		4D6D72BD1A41CCC7000EF88C /* WhatColor */ = {
			isa = PBXGroup;
			children = (
				4D6D72C01A41CCC7000EF88C /* AppDelegate.swift */,
				4D6D72C21A41CCC7000EF88C /* ViewController.swift */,
				4D6D72C41A41CCC7000EF88C /* Main.storyboard */,
				4D6D72C71A41CCC7000EF88C /* Images.xcassets */,
				4D6D72C91A41CCC7000EF88C /* LaunchScreen.xib */,
				4D6D72BE1A41CCC7000EF88C /* Supporting Files */,
			);
			path = WhatColor;
			sourceTree = "<group>";
		};
		4D6D72BE1A41CCC7000EF88C /* Supporting Files */ = {
			isa = PBXGroup;
			children = (
				4D6D72BF1A41CCC7000EF88C /* Info.plist */,
			);
			name = "Supporting Files";
			sourceTree = "<group>";
		};
		4D6D72D31A41CCC7000EF88C /* WhatColorTests */ = {
			isa = PBXGroup;
			children = (
				4D6D72D61A41CCC7000EF88C /* WhatColorTests.swift */,
				4D6D72D41A41CCC7000EF88C /* Supporting Files */,
			);
			path = WhatColorTests;
			sourceTree = "<group>";
		};
		4D6D72D41A41CCC7000EF88C /* Supporting Files */ = {
			isa = PBXGroup;
			children = (
				4D6D72D51A41CCC7000EF88C /* Info.plist */,
			);
			name = "Supporting Files";
			sourceTree = "<group>";
		};
/* End PBXGroup section */

/* Begin PBXNativeTarget section */
		4D6D72BA1A41CCC7000EF88C /* WhatColor */ = {
			isa = PBXNativeTarget;
			buildConfigurationList = 4D6D72DA1A41CCC7000EF88C /* Build configuration list for PBXNativeTarget "WhatColor" */;
			buildPhases = (
				4D6D72B71A41CCC7000EF88C /* Sources */,
				4D6D72B81A41CCC7000EF88C /* Frameworks */,
				4D6D72B91A41CCC7000EF88C /* Resources */,
			);
			buildRules = (
			);
			dependencies = (
			);
			name = WhatColor;
			productName = WhatColor;
			productReference = 4D6D72BB1A41CCC7000EF88C /* WhatColor.app */;
			productType = "com.apple.product-type.application";
		};
		4D6D72CF1A41CCC7000EF88C /* WhatColorTests */ = {
			isa = PBXNativeTarget;
			buildConfigurationList = 4D6D72DD1A41CCC7000EF88C /* Build configuration list for PBXNativeTarget "WhatColorTests" */;
			buildPhases = (
				4D6D72CC1A41CCC7000EF88C /* Sources */,
				4D6D72CD1A41CCC7000EF88C /* Frameworks */,
				4D6D72CE1A41CCC7000EF88C /* Resources */,
			);
			buildRules = (
			);
			dependencies = (
				4D6D72D21A41CCC7000EF88C /* PBXTargetDependency */,
			);
			name = WhatColorTests;
			productName = WhatColorTests;
			productReference = 4D6D72D01A41CCC7000EF88C /* WhatColorTests.xctest */;
			productType = "com.apple.product-type.bundle.unit-test";
		};
/* End PBXNativeTarget section */

/* Begin PBXProject section */
		4D6D72B31A41CCC7000EF88C /* Project object */ = {
			isa = PBXProject;
			attributes = {
				LastUpgradeCheck = 0610;
				ORGANIZATIONNAME = to4iki;
				TargetAttributes = {
					4D6D72BA1A41CCC7000EF88C = {
						CreatedOnToolsVersion = 6.1.1;
					};
					4D6D72CF1A41CCC7000EF88C = {
						CreatedOnToolsVersion = 6.1.1;
						TestTargetID = 4D6D72BA1A41CCC7000EF88C;
					};
				};
			};
			buildConfigurationList = 4D6D72B61A41CCC7000EF88C /* Build configuration list for PBXProject "WhatColor" */;
			compatibilityVersion = "Xcode 3.2";
			developmentRegion = English;
			hasScannedForEncodings = 0;
			knownRegions = (
				en,
				Base,
			);
			mainGroup = 4D6D72B21A41CCC7000EF88C;
			productRefGroup = 4D6D72BC1A41CCC7000EF88C /* Products */;
			projectDirPath = "";
			projectRoot = "";
			targets = (
				4D6D72BA1A41CCC7000EF88C /* WhatColor */,
				4D6D72CF1A41CCC7000EF88C /* WhatColorTests */,
			);
		};
/* End PBXProject section */

/* Begin PBXResourcesBuildPhase section */
		4D6D72B91A41CCC7000EF88C /* Resources */ = {
			isa = PBXResourcesBuildPhase;
			buildActionMask = 2147483647;
			files = (
				4D6D72C61A41CCC7000EF88C /* Main.storyboard in Resources */,
				4D6D72CB1A41CCC7000EF88C /* LaunchScreen.xib in Resources */,
				4D6D72C81A41CCC7000EF88C /* Images.xcassets in Resources */,
			);
			runOnlyForDeploymentPostprocessing = 0;
		};
		4D6D72CE1A41CCC7000EF88C /* Resources */ = {
			isa = PBXResourcesBuildPhase;
			buildActionMask = 2147483647;
			files = (
			);
			runOnlyForDeploymentPostprocessing = 0;
		};
/* End PBXResourcesBuildPhase section */

/* Begin PBXSourcesBuildPhase section */
		4D6D72B71A41CCC7000EF88C /* Sources */ = {
			isa = PBXSourcesBuildPhase;
			buildActionMask = 2147483647;
			files = (
				4D6D72C31A41CCC7000EF88C /* ViewController.swift in Sources */,
				4D6D72C11A41CCC7000EF88C /* AppDelegate.swift in Sources */,
			);
			runOnlyForDeploymentPostprocessing = 0;
		};
		4D6D72CC1A41CCC7000EF88C /* Sources */ = {
			isa = PBXSourcesBuildPhase;
			buildActionMask = 2147483647;
			files = (
				4D6D72D71A41CCC7000EF88C /* WhatColorTests.swift in Sources */,
			);
			runOnlyForDeploymentPostprocessing = 0;
		};
/* End PBXSourcesBuildPhase section */

/* Begin PBXTargetDependency section */
		4D6D72D21A41CCC7000EF88C /* PBXTargetDependency */ = {
			isa = PBXTargetDependency;
			target = 4D6D72BA1A41CCC7000EF88C /* WhatColor */;
			targetProxy = 4D6D72D11A41CCC7000EF88C /* PBXContainerItemProxy */;
		};
/* End PBXTargetDependency section */

/* Begin PBXVariantGroup section */
		4D6D72C41A41CCC7000EF88C /* Main.storyboard */ = {
			isa = PBXVariantGroup;
			children = (
				4D6D72C51A41CCC7000EF88C /* Base */,
			);
			name = Main.storyboard;
			sourceTree = "<group>";
		};
		4D6D72C91A41CCC7000EF88C /* LaunchScreen.xib */ = {
			isa = PBXVariantGroup;
			children = (
				4D6D72CA1A41CCC7000EF88C /* Base */,
			);
			name = LaunchScreen.xib;
			sourceTree = "<group>";
		};
/* End PBXVariantGroup section */

/* Begin XCBuildConfiguration section */
		4D6D72D81A41CCC7000EF88C /* Debug */ = {
			isa = XCBuildConfiguration;
			buildSettings = {
				ALWAYS_SEARCH_USER_PATHS = NO;
				CLANG_CXX_LANGUAGE_STANDARD = "gnu++0x";
				CLANG_CXX_LIBRARY = "libc++";
				CLANG_ENABLE_MODULES = YES;
				CLANG_ENABLE_OBJC_ARC = YES;
				CLANG_WARN_BOOL_CONVERSION = YES;
				CLANG_WARN_CONSTANT_CONVERSION = YES;
				CLANG_WARN_DIRECT_OBJC_ISA_USAGE = YES_ERROR;
				CLANG_WARN_EMPTY_BODY = YES;
				CLANG_WARN_ENUM_CONVERSION = YES;
				CLANG_WARN_INT_CONVERSION = YES;
				CLANG_WARN_OBJC_ROOT_CLASS = YES_ERROR;
				CLANG_WARN_UNREACHABLE_CODE = YES;
				CLANG_WARN__DUPLICATE_METHOD_MATCH = YES;
				"CODE_SIGN_IDENTITY[sdk=iphoneos*]" = "iPhone Developer";
				COPY_PHASE_STRIP = NO;
				ENABLE_STRICT_OBJC_MSGSEND = YES;
				GCC_C_LANGUAGE_STANDARD = gnu99;
				GCC_DYNAMIC_NO_PIC = NO;
				GCC_OPTIMIZATION_LEVEL = 0;
				GCC_PREPROCESSOR_DEFINITIONS = (
					"DEBUG=1",
					"$(inherited)",
				);
				GCC_SYMBOLS_PRIVATE_EXTERN = NO;
				GCC_WARN_64_TO_32_BIT_CONVERSION = YES;
				GCC_WARN_ABOUT_RETURN_TYPE = YES_ERROR;
				GCC_WARN_UNDECLARED_SELECTOR = YES;
				GCC_WARN_UNINITIALIZED_AUTOS = YES_AGGRESSIVE;
				GCC_WARN_UNUSED_FUNCTION = YES;
				GCC_WARN_UNUSED_VARIABLE = YES;
				IPHONEOS_DEPLOYMENT_TARGET = 8.1;
				MTL_ENABLE_DEBUG_INFO = YES;
				ONLY_ACTIVE_ARCH = YES;
				SDKROOT = iphoneos;
				SWIFT_OPTIMIZATION_LEVEL = "-Onone";
			};
			name = Debug;
		};
		4D6D72D91A41CCC7000EF88C /* Release */ = {
			isa = XCBuildConfiguration;
			buildSettings = {
				ALWAYS_SEARCH_USER_PATHS = NO;
				CLANG_CXX_LANGUAGE_STANDARD = "gnu++0x";
				CLANG_CXX_LIBRARY = "libc++";
				CLANG_ENABLE_MODULES = YES;
				CLANG_ENABLE_OBJC_ARC = YES;
				CLANG_WARN_BOOL_CONVERSION = YES;
				CLANG_WARN_CONSTANT_CONVERSION = YES;
				CLANG_WARN_DIRECT_OBJC_ISA_USAGE = YES_ERROR;
				CLANG_WARN_EMPTY_BODY = YES;
				CLANG_WARN_ENUM_CONVERSION = YES;
				CLANG_WARN_INT_CONVERSION = YES;
				CLANG_WARN_OBJC_ROOT_CLASS = YES_ERROR;
				CLANG_WARN_UNREACHABLE_CODE = YES;
				CLANG_WARN__DUPLICATE_METHOD_MATCH = YES;
				"CODE_SIGN_IDENTITY[sdk=iphoneos*]" = "iPhone Developer";
				COPY_PHASE_STRIP = YES;
				ENABLE_NS_ASSERTIONS = NO;
				ENABLE_STRICT_OBJC_MSGSEND = YES;
				GCC_C_LANGUAGE_STANDARD = gnu99;
				GCC_WARN_64_TO_32_BIT_CONVERSION = YES;
				GCC_WARN_ABOUT_RETURN_TYPE = YES_ERROR;
				GCC_WARN_UNDECLARED_SELECTOR = YES;
				GCC_WARN_UNINITIALIZED_AUTOS = YES_AGGRESSIVE;
				GCC_WARN_UNUSED_FUNCTION = YES;
				GCC_WARN_UNUSED_VARIABLE = YES;
				IPHONEOS_DEPLOYMENT_TARGET = 8.1;
				MTL_ENABLE_DEBUG_INFO = NO;
				SDKROOT = iphoneos;
				VALIDATE_PRODUCT = YES;
			};
			name = Release;
		};
		4D6D72DB1A41CCC7000EF88C /* Debug */ = {
			isa = XCBuildConfiguration;
			buildSettings = {
				ASSETCATALOG_COMPILER_APPICON_NAME = AppIcon;
				INFOPLIST_FILE = WhatColor/Info.plist;
				LD_RUNPATH_SEARCH_PATHS = "$(inherited) @executable_path/Frameworks";
				PRODUCT_NAME = "$(TARGET_NAME)";
			};
			name = Debug;
		};
		4D6D72DC1A41CCC7000EF88C /* Release */ = {
			isa = XCBuildConfiguration;
			buildSettings = {
				ASSETCATALOG_COMPILER_APPICON_NAME = AppIcon;
				INFOPLIST_FILE = WhatColor/Info.plist;
				LD_RUNPATH_SEARCH_PATHS = "$(inherited) @executable_path/Frameworks";
				PRODUCT_NAME = "$(TARGET_NAME)";
			};
			name = Release;
		};
		4D6D72DE1A41CCC7000EF88C /* Debug */ = {
			isa = XCBuildConfiguration;
			buildSettings = {
				BUNDLE_LOADER = "$(TEST_HOST)";
				FRAMEWORK_SEARCH_PATHS = (
					"$(SDKROOT)/Developer/Library/Frameworks",
					"$(inherited)",
				);
				GCC_PREPROCESSOR_DEFINITIONS = (
					"DEBUG=1",
					"$(inherited)",
				);
				INFOPLIST_FILE = WhatColorTests/Info.plist;
				LD_RUNPATH_SEARCH_PATHS = "$(inherited) @executable_path/Frameworks @loader_path/Frameworks";
				PRODUCT_NAME = "$(TARGET_NAME)";
				TEST_HOST = "$(BUILT_PRODUCTS_DIR)/WhatColor.app/WhatColor";
			};
			name = Debug;
		};
		4D6D72DF1A41CCC7000EF88C /* Release */ = {
			isa = XCBuildConfiguration;
			buildSettings = {
				BUNDLE_LOADER = "$(TEST_HOST)";
				FRAMEWORK_SEARCH_PATHS = (
					"$(SDKROOT)/Developer/Library/Frameworks",
					"$(inherited)",
				);
				INFOPLIST_FILE = WhatColorTests/Info.plist;
				LD_RUNPATH_SEARCH_PATHS = "$(inherited) @executable_path/Frameworks @loader_path/Frameworks";
				PRODUCT_NAME = "$(TARGET_NAME)";
				TEST_HOST = "$(BUILT_PRODUCTS_DIR)/WhatColor.app/WhatColor";
			};
			name = Release;
		};
/* End XCBuildConfiguration section */

/* Begin XCConfigurationList section */
		4D6D72B61A41CCC7000EF88C /* Build configuration list for PBXProject "WhatColor" */ = {
			isa = XCConfigurationList;
			buildConfigurations = (
				4D6D72D81A41CCC7000EF88C /* Debug */,
				4D6D72D91A41CCC7000EF88C /* Release */,
			);
			defaultConfigurationIsVisible = 0;
			defaultConfigurationName = Release;
		};
		4D6D72DA1A41CCC7000EF88C /* Build configuration list for PBXNativeTarget "WhatColor" */ = {
			isa = XCConfigurationList;
			buildConfigurations = (
				4D6D72DB1A41CCC7000EF88C /* Debug */,
				4D6D72DC1A41CCC7000EF88C /* Release */,
			);
			defaultConfigurationIsVisible = 0;
		};
		4D6D72DD1A41CCC7000EF88C /* Build configuration list for PBXNativeTarget "WhatColorTests" */ = {
			isa = XCConfigurationList;
			buildConfigurations = (
				4D6D72DE1A41CCC7000EF88C /* Debug */,
				4D6D72DF1A41CCC7000EF88C /* Release */,
			);
			defaultConfigurationIsVisible = 0;
		};
/* End XCConfigurationList section */
	};
	rootObject = 4D6D72B31A41CCC7000EF88C /* Project object */;
}
